// !$*UTF8*$!
{
	archiveVersion = 1;
	classes = {
	};
	objectVersion = 50;
	objects = {

/* Begin PBXBuildFile section */
		27C9C49D251A62B500A287D3 /* AppDelegate.swift in Sources */ = {isa = PBXBuildFile; fileRef = 27C9C49C251A62B500A287D3 /* AppDelegate.swift */; };
		27C9C49F251A62B500A287D3 /* SceneDelegate.swift in Sources */ = {isa = PBXBuildFile; fileRef = 27C9C49E251A62B500A287D3 /* SceneDelegate.swift */; };
		27C9C4A1251A62B500A287D3 /* ContentView.swift in Sources */ = {isa = PBXBuildFile; fileRef = 27C9C4A0251A62B500A287D3 /* ContentView.swift */; };
		27C9C4A3251A62B600A287D3 /* Assets.xcassets in Resources */ = {isa = PBXBuildFile; fileRef = 27C9C4A2251A62B600A287D3 /* Assets.xcassets */; };
		27C9C4A6251A62B600A287D3 /* Preview Assets.xcassets in Resources */ = {isa = PBXBuildFile; fileRef = 27C9C4A5251A62B600A287D3 /* Preview Assets.xcassets */; };
		27C9C4A9251A62B600A287D3 /* LaunchScreen.storyboard in Resources */ = {isa = PBXBuildFile; fileRef = 27C9C4A7251A62B600A287D3 /* LaunchScreen.storyboard */; };
		27C9C4B4251A62B600A287D3 /* RiveraTests.swift in Sources */ = {isa = PBXBuildFile; fileRef = 27C9C4B3251A62B600A287D3 /* RiveraTests.swift */; };
		27C9C4BF251A62B600A287D3 /* RiveraUITests.swift in Sources */ = {isa = PBXBuildFile; fileRef = 27C9C4BE251A62B600A287D3 /* RiveraUITests.swift */; };
		27C9C4D0251A63D300A287D3 /* Constants.swift in Sources */ = {isa = PBXBuildFile; fileRef = 27C9C4CF251A63D300A287D3 /* Constants.swift */; };
		27C9C4D6251A65B600A287D3 /* RemoteImage.swift in Sources */ = {isa = PBXBuildFile; fileRef = 27C9C4D5251A65B600A287D3 /* RemoteImage.swift */; };
		27C9C4DE251A672700A287D3 /* ImageApi.swift in Sources */ = {isa = PBXBuildFile; fileRef = 27C9C4DD251A672700A287D3 /* ImageApi.swift */; };
		27C9C4E7251A687A00A287D3 /* ImageGridViewModel.swift in Sources */ = {isa = PBXBuildFile; fileRef = 27C9C4E6251A687A00A287D3 /* ImageGridViewModel.swift */; };
		27C9C4F4251A6A5000A287D3 /* ImageGridView.swift in Sources */ = {isa = PBXBuildFile; fileRef = 27C9C4F3251A6A5000A287D3 /* ImageGridView.swift */; };
/* End PBXBuildFile section */

/* Begin PBXContainerItemProxy section */
		27C9C4B0251A62B600A287D3 /* PBXContainerItemProxy */ = {
			isa = PBXContainerItemProxy;
			containerPortal = 27C9C491251A62B500A287D3 /* Project object */;
			proxyType = 1;
			remoteGlobalIDString = 27C9C498251A62B500A287D3;
			remoteInfo = Rivera;
		};
		27C9C4BB251A62B600A287D3 /* PBXContainerItemProxy */ = {
			isa = PBXContainerItemProxy;
			containerPortal = 27C9C491251A62B500A287D3 /* Project object */;
			proxyType = 1;
			remoteGlobalIDString = 27C9C498251A62B500A287D3;
			remoteInfo = Rivera;
		};
/* End PBXContainerItemProxy section */

/* Begin PBXFileReference section */
		27C9C499251A62B500A287D3 /* Rivera.app */ = {isa = PBXFileReference; explicitFileType = wrapper.application; includeInIndex = 0; path = Rivera.app; sourceTree = BUILT_PRODUCTS_DIR; };
		27C9C49C251A62B500A287D3 /* AppDelegate.swift */ = {isa = PBXFileReference; lastKnownFileType = sourcecode.swift; path = AppDelegate.swift; sourceTree = "<group>"; };
		27C9C49E251A62B500A287D3 /* SceneDelegate.swift */ = {isa = PBXFileReference; lastKnownFileType = sourcecode.swift; path = SceneDelegate.swift; sourceTree = "<group>"; };
		27C9C4A0251A62B500A287D3 /* ContentView.swift */ = {isa = PBXFileReference; lastKnownFileType = sourcecode.swift; path = ContentView.swift; sourceTree = "<group>"; };
		27C9C4A2251A62B600A287D3 /* Assets.xcassets */ = {isa = PBXFileReference; lastKnownFileType = folder.assetcatalog; path = Assets.xcassets; sourceTree = "<group>"; };
		27C9C4A5251A62B600A287D3 /* Preview Assets.xcassets */ = {isa = PBXFileReference; lastKnownFileType = folder.assetcatalog; path = "Preview Assets.xcassets"; sourceTree = "<group>"; };
		27C9C4A8251A62B600A287D3 /* Base */ = {isa = PBXFileReference; lastKnownFileType = file.storyboard; name = Base; path = Base.lproj/LaunchScreen.storyboard; sourceTree = "<group>"; };
		27C9C4AA251A62B600A287D3 /* Info.plist */ = {isa = PBXFileReference; lastKnownFileType = text.plist.xml; path = Info.plist; sourceTree = "<group>"; };
		27C9C4AF251A62B600A287D3 /* RiveraTests.xctest */ = {isa = PBXFileReference; explicitFileType = wrapper.cfbundle; includeInIndex = 0; path = RiveraTests.xctest; sourceTree = BUILT_PRODUCTS_DIR; };
		27C9C4B3251A62B600A287D3 /* RiveraTests.swift */ = {isa = PBXFileReference; lastKnownFileType = sourcecode.swift; path = RiveraTests.swift; sourceTree = "<group>"; };
		27C9C4B5251A62B600A287D3 /* Info.plist */ = {isa = PBXFileReference; lastKnownFileType = text.plist.xml; path = Info.plist; sourceTree = "<group>"; };
		27C9C4BA251A62B600A287D3 /* RiveraUITests.xctest */ = {isa = PBXFileReference; explicitFileType = wrapper.cfbundle; includeInIndex = 0; path = RiveraUITests.xctest; sourceTree = BUILT_PRODUCTS_DIR; };
		27C9C4BE251A62B600A287D3 /* RiveraUITests.swift */ = {isa = PBXFileReference; lastKnownFileType = sourcecode.swift; path = RiveraUITests.swift; sourceTree = "<group>"; };
		27C9C4C0251A62B600A287D3 /* Info.plist */ = {isa = PBXFileReference; lastKnownFileType = text.plist.xml; path = Info.plist; sourceTree = "<group>"; };
		27C9C4CF251A63D300A287D3 /* Constants.swift */ = {isa = PBXFileReference; lastKnownFileType = sourcecode.swift; path = Constants.swift; sourceTree = "<group>"; };
		27C9C4D5251A65B600A287D3 /* RemoteImage.swift */ = {isa = PBXFileReference; lastKnownFileType = sourcecode.swift; path = RemoteImage.swift; sourceTree = "<group>"; };
		27C9C4DD251A672700A287D3 /* ImageApi.swift */ = {isa = PBXFileReference; lastKnownFileType = sourcecode.swift; path = ImageApi.swift; sourceTree = "<group>"; };
		27C9C4E6251A687A00A287D3 /* ImageGridViewModel.swift */ = {isa = PBXFileReference; lastKnownFileType = sourcecode.swift; path = ImageGridViewModel.swift; sourceTree = "<group>"; };
		27C9C4F3251A6A5000A287D3 /* ImageGridView.swift */ = {isa = PBXFileReference; lastKnownFileType = sourcecode.swift; path = ImageGridView.swift; sourceTree = "<group>"; };
		27C9C4F8251A7A1D00A287D3 /* Rivera.entitlements */ = {isa = PBXFileReference; lastKnownFileType = text.plist.entitlements; path = Rivera.entitlements; sourceTree = "<group>"; };
/* End PBXFileReference section */

/* Begin PBXFrameworksBuildPhase section */
		27C9C496251A62B500A287D3 /* Frameworks */ = {
			isa = PBXFrameworksBuildPhase;
			buildActionMask = 2147483647;
			files = (
			);
			runOnlyForDeploymentPostprocessing = 0;
		};
		27C9C4AC251A62B600A287D3 /* Frameworks */ = {
			isa = PBXFrameworksBuildPhase;
			buildActionMask = 2147483647;
			files = (
			);
			runOnlyForDeploymentPostprocessing = 0;
		};
		27C9C4B7251A62B600A287D3 /* Frameworks */ = {
			isa = PBXFrameworksBuildPhase;
			buildActionMask = 2147483647;
			files = (
			);
			runOnlyForDeploymentPostprocessing = 0;
		};
/* End PBXFrameworksBuildPhase section */

/* Begin PBXGroup section */
		27C9C490251A62B500A287D3 = {
			isa = PBXGroup;
			children = (
				27C9C49B251A62B500A287D3 /* Rivera */,
				27C9C4B2251A62B600A287D3 /* RiveraTests */,
				27C9C4BD251A62B600A287D3 /* RiveraUITests */,
				27C9C49A251A62B500A287D3 /* Products */,
			);
			sourceTree = "<group>";
		};
		27C9C49A251A62B500A287D3 /* Products */ = {
			isa = PBXGroup;
			children = (
				27C9C499251A62B500A287D3 /* Rivera.app */,
				27C9C4AF251A62B600A287D3 /* RiveraTests.xctest */,
				27C9C4BA251A62B600A287D3 /* RiveraUITests.xctest */,
			);
			name = Products;
			sourceTree = "<group>";
		};
		27C9C49B251A62B500A287D3 /* Rivera */ = {
			isa = PBXGroup;
			children = (
				27C9C4F8251A7A1D00A287D3 /* Rivera.entitlements */,
				27C9C4E5251A686C00A287D3 /* Image Grid */,
				27C9C4D4251A65A600A287D3 /* Models */,
				27C9C49C251A62B500A287D3 /* AppDelegate.swift */,
				27C9C49E251A62B500A287D3 /* SceneDelegate.swift */,
				27C9C4A0251A62B500A287D3 /* ContentView.swift */,
				27C9C4A2251A62B600A287D3 /* Assets.xcassets */,
				27C9C4A7251A62B600A287D3 /* LaunchScreen.storyboard */,
				27C9C4AA251A62B600A287D3 /* Info.plist */,
				27C9C4A4251A62B600A287D3 /* Preview Content */,
				27C9C4CF251A63D300A287D3 /* Constants.swift */,
				27C9C4DD251A672700A287D3 /* ImageApi.swift */,
			);
			path = Rivera;
			sourceTree = "<group>";
		};
		27C9C4A4251A62B600A287D3 /* Preview Content */ = {
			isa = PBXGroup;
			children = (
				27C9C4A5251A62B600A287D3 /* Preview Assets.xcassets */,
			);
			path = "Preview Content";
			sourceTree = "<group>";
		};
		27C9C4B2251A62B600A287D3 /* RiveraTests */ = {
			isa = PBXGroup;
			children = (
				27C9C4B3251A62B600A287D3 /* RiveraTests.swift */,
				27C9C4B5251A62B600A287D3 /* Info.plist */,
			);
			path = RiveraTests;
			sourceTree = "<group>";
		};
		27C9C4BD251A62B600A287D3 /* RiveraUITests */ = {
			isa = PBXGroup;
			children = (
				27C9C4BE251A62B600A287D3 /* RiveraUITests.swift */,
				27C9C4C0251A62B600A287D3 /* Info.plist */,
			);
			path = RiveraUITests;
			sourceTree = "<group>";
		};
		27C9C4D4251A65A600A287D3 /* Models */ = {
			isa = PBXGroup;
			children = (
				27C9C4D5251A65B600A287D3 /* RemoteImage.swift */,
			);
			path = Models;
			sourceTree = "<group>";
		};
		27C9C4E5251A686C00A287D3 /* Image Grid */ = {
			isa = PBXGroup;
			children = (
				27C9C4E6251A687A00A287D3 /* ImageGridViewModel.swift */,
				27C9C4F3251A6A5000A287D3 /* ImageGridView.swift */,
			);
			path = "Image Grid";
			sourceTree = "<group>";
		};
/* End PBXGroup section */

/* Begin PBXNativeTarget section */
		27C9C498251A62B500A287D3 /* Rivera */ = {
			isa = PBXNativeTarget;
			buildConfigurationList = 27C9C4C3251A62B600A287D3 /* Build configuration list for PBXNativeTarget "Rivera" */;
			buildPhases = (
				27C9C495251A62B500A287D3 /* Sources */,
				27C9C496251A62B500A287D3 /* Frameworks */,
				27C9C497251A62B500A287D3 /* Resources */,
			);
			buildRules = (
			);
			dependencies = (
			);
			name = Rivera;
			productName = Rivera;
			productReference = 27C9C499251A62B500A287D3 /* Rivera.app */;
			productType = "com.apple.product-type.application";
		};
		27C9C4AE251A62B600A287D3 /* RiveraTests */ = {
			isa = PBXNativeTarget;
			buildConfigurationList = 27C9C4C6251A62B600A287D3 /* Build configuration list for PBXNativeTarget "RiveraTests" */;
			buildPhases = (
				27C9C4AB251A62B600A287D3 /* Sources */,
				27C9C4AC251A62B600A287D3 /* Frameworks */,
				27C9C4AD251A62B600A287D3 /* Resources */,
			);
			buildRules = (
			);
			dependencies = (
				27C9C4B1251A62B600A287D3 /* PBXTargetDependency */,
			);
			name = RiveraTests;
			productName = RiveraTests;
			productReference = 27C9C4AF251A62B600A287D3 /* RiveraTests.xctest */;
			productType = "com.apple.product-type.bundle.unit-test";
		};
		27C9C4B9251A62B600A287D3 /* RiveraUITests */ = {
			isa = PBXNativeTarget;
			buildConfigurationList = 27C9C4C9251A62B600A287D3 /* Build configuration list for PBXNativeTarget "RiveraUITests" */;
			buildPhases = (
				27C9C4B6251A62B600A287D3 /* Sources */,
				27C9C4B7251A62B600A287D3 /* Frameworks */,
				27C9C4B8251A62B600A287D3 /* Resources */,
			);
			buildRules = (
			);
			dependencies = (
				27C9C4BC251A62B600A287D3 /* PBXTargetDependency */,
			);
			name = RiveraUITests;
			productName = RiveraUITests;
			productReference = 27C9C4BA251A62B600A287D3 /* RiveraUITests.xctest */;
			productType = "com.apple.product-type.bundle.ui-testing";
		};
/* End PBXNativeTarget section */

/* Begin PBXProject section */
		27C9C491251A62B500A287D3 /* Project object */ = {
			isa = PBXProject;
			attributes = {
				LastSwiftUpdateCheck = 1200;
				LastUpgradeCheck = 1200;
				TargetAttributes = {
					27C9C498251A62B500A287D3 = {
						CreatedOnToolsVersion = 12.0;
					};
					27C9C4AE251A62B600A287D3 = {
						CreatedOnToolsVersion = 12.0;
						TestTargetID = 27C9C498251A62B500A287D3;
					};
					27C9C4B9251A62B600A287D3 = {
						CreatedOnToolsVersion = 12.0;
						TestTargetID = 27C9C498251A62B500A287D3;
					};
				};
			};
			buildConfigurationList = 27C9C494251A62B500A287D3 /* Build configuration list for PBXProject "Rivera" */;
			compatibilityVersion = "Xcode 9.3";
			developmentRegion = en;
			hasScannedForEncodings = 0;
			knownRegions = (
				en,
				Base,
			);
			mainGroup = 27C9C490251A62B500A287D3;
			productRefGroup = 27C9C49A251A62B500A287D3 /* Products */;
			projectDirPath = "";
			projectRoot = "";
			targets = (
				27C9C498251A62B500A287D3 /* Rivera */,
				27C9C4AE251A62B600A287D3 /* RiveraTests */,
				27C9C4B9251A62B600A287D3 /* RiveraUITests */,
			);
		};
/* End PBXProject section */

/* Begin PBXResourcesBuildPhase section */
		27C9C497251A62B500A287D3 /* Resources */ = {
			isa = PBXResourcesBuildPhase;
			buildActionMask = 2147483647;
			files = (
				27C9C4A9251A62B600A287D3 /* LaunchScreen.storyboard in Resources */,
				27C9C4A6251A62B600A287D3 /* Preview Assets.xcassets in Resources */,
				27C9C4A3251A62B600A287D3 /* Assets.xcassets in Resources */,
			);
			runOnlyForDeploymentPostprocessing = 0;
		};
		27C9C4AD251A62B600A287D3 /* Resources */ = {
			isa = PBXResourcesBuildPhase;
			buildActionMask = 2147483647;
			files = (
			);
			runOnlyForDeploymentPostprocessing = 0;
		};
		27C9C4B8251A62B600A287D3 /* Resources */ = {
			isa = PBXResourcesBuildPhase;
			buildActionMask = 2147483647;
			files = (
			);
			runOnlyForDeploymentPostprocessing = 0;
		};
/* End PBXResourcesBuildPhase section */

/* Begin PBXSourcesBuildPhase section */
		27C9C495251A62B500A287D3 /* Sources */ = {
			isa = PBXSourcesBuildPhase;
			buildActionMask = 2147483647;
			files = (
				27C9C49D251A62B500A287D3 /* AppDelegate.swift in Sources */,
				27C9C49F251A62B500A287D3 /* SceneDelegate.swift in Sources */,
				27C9C4F4251A6A5000A287D3 /* ImageGridView.swift in Sources */,
				27C9C4DE251A672700A287D3 /* ImageApi.swift in Sources */,
				27C9C4A1251A62B500A287D3 /* ContentView.swift in Sources */,
				27C9C4D0251A63D300A287D3 /* Constants.swift in Sources */,
				27C9C4D6251A65B600A287D3 /* RemoteImage.swift in Sources */,
				27C9C4E7251A687A00A287D3 /* ImageGridViewModel.swift in Sources */,
			);
			runOnlyForDeploymentPostprocessing = 0;
		};
		27C9C4AB251A62B600A287D3 /* Sources */ = {
			isa = PBXSourcesBuildPhase;
			buildActionMask = 2147483647;
			files = (
				27C9C4B4251A62B600A287D3 /* RiveraTests.swift in Sources */,
			);
			runOnlyForDeploymentPostprocessing = 0;
		};
		27C9C4B6251A62B600A287D3 /* Sources */ = {
			isa = PBXSourcesBuildPhase;
			buildActionMask = 2147483647;
			files = (
				27C9C4BF251A62B600A287D3 /* RiveraUITests.swift in Sources */,
			);
			runOnlyForDeploymentPostprocessing = 0;
		};
/* End PBXSourcesBuildPhase section */

/* Begin PBXTargetDependency section */
		27C9C4B1251A62B600A287D3 /* PBXTargetDependency */ = {
			isa = PBXTargetDependency;
			target = 27C9C498251A62B500A287D3 /* Rivera */;
			targetProxy = 27C9C4B0251A62B600A287D3 /* PBXContainerItemProxy */;
		};
		27C9C4BC251A62B600A287D3 /* PBXTargetDependency */ = {
			isa = PBXTargetDependency;
			target = 27C9C498251A62B500A287D3 /* Rivera */;
			targetProxy = 27C9C4BB251A62B600A287D3 /* PBXContainerItemProxy */;
		};
/* End PBXTargetDependency section */

/* Begin PBXVariantGroup section */
		27C9C4A7251A62B600A287D3 /* LaunchScreen.storyboard */ = {
			isa = PBXVariantGroup;
			children = (
				27C9C4A8251A62B600A287D3 /* Base */,
			);
			name = LaunchScreen.storyboard;
			sourceTree = "<group>";
		};
/* End PBXVariantGroup section */

/* Begin XCBuildConfiguration section */
		27C9C4C1251A62B600A287D3 /* Debug */ = {
			isa = XCBuildConfiguration;
			buildSettings = {
				ALWAYS_SEARCH_USER_PATHS = NO;
				CLANG_ANALYZER_NONNULL = YES;
				CLANG_ANALYZER_NUMBER_OBJECT_CONVERSION = YES_AGGRESSIVE;
				CLANG_CXX_LANGUAGE_STANDARD = "gnu++14";
				CLANG_CXX_LIBRARY = "libc++";
				CLANG_ENABLE_MODULES = YES;
				CLANG_ENABLE_OBJC_ARC = YES;
				CLANG_ENABLE_OBJC_WEAK = YES;
				CLANG_WARN_BLOCK_CAPTURE_AUTORELEASING = YES;
				CLANG_WARN_BOOL_CONVERSION = YES;
				CLANG_WARN_COMMA = YES;
				CLANG_WARN_CONSTANT_CONVERSION = YES;
				CLANG_WARN_DEPRECATED_OBJC_IMPLEMENTATIONS = YES;
				CLANG_WARN_DIRECT_OBJC_ISA_USAGE = YES_ERROR;
				CLANG_WARN_DOCUMENTATION_COMMENTS = YES;
				CLANG_WARN_EMPTY_BODY = YES;
				CLANG_WARN_ENUM_CONVERSION = YES;
				CLANG_WARN_INFINITE_RECURSION = YES;
				CLANG_WARN_INT_CONVERSION = YES;
				CLANG_WARN_NON_LITERAL_NULL_CONVERSION = YES;
				CLANG_WARN_OBJC_IMPLICIT_RETAIN_SELF = YES;
				CLANG_WARN_OBJC_LITERAL_CONVERSION = YES;
				CLANG_WARN_OBJC_ROOT_CLASS = YES_ERROR;
				CLANG_WARN_QUOTED_INCLUDE_IN_FRAMEWORK_HEADER = YES;
				CLANG_WARN_RANGE_LOOP_ANALYSIS = YES;
				CLANG_WARN_STRICT_PROTOTYPES = YES;
				CLANG_WARN_SUSPICIOUS_MOVE = YES;
				CLANG_WARN_UNGUARDED_AVAILABILITY = YES_AGGRESSIVE;
				CLANG_WARN_UNREACHABLE_CODE = YES;
				CLANG_WARN__DUPLICATE_METHOD_MATCH = YES;
				COPY_PHASE_STRIP = NO;
				DEBUG_INFORMATION_FORMAT = dwarf;
				ENABLE_STRICT_OBJC_MSGSEND = YES;
				ENABLE_TESTABILITY = YES;
				GCC_C_LANGUAGE_STANDARD = gnu11;
				GCC_DYNAMIC_NO_PIC = NO;
				GCC_NO_COMMON_BLOCKS = YES;
				GCC_OPTIMIZATION_LEVEL = 0;
				GCC_PREPROCESSOR_DEFINITIONS = (
					"DEBUG=1",
					"$(inherited)",
				);
				GCC_WARN_64_TO_32_BIT_CONVERSION = YES;
				GCC_WARN_ABOUT_RETURN_TYPE = YES_ERROR;
				GCC_WARN_UNDECLARED_SELECTOR = YES;
				GCC_WARN_UNINITIALIZED_AUTOS = YES_AGGRESSIVE;
				GCC_WARN_UNUSED_FUNCTION = YES;
				GCC_WARN_UNUSED_VARIABLE = YES;
				IPHONEOS_DEPLOYMENT_TARGET = 14.0;
				MTL_ENABLE_DEBUG_INFO = INCLUDE_SOURCE;
				MTL_FAST_MATH = YES;
				ONLY_ACTIVE_ARCH = YES;
				SDKROOT = iphoneos;
				SWIFT_ACTIVE_COMPILATION_CONDITIONS = DEBUG;
				SWIFT_OPTIMIZATION_LEVEL = "-Onone";
			};
			name = Debug;
		};
		27C9C4C2251A62B600A287D3 /* Release */ = {
			isa = XCBuildConfiguration;
			buildSettings = {
				ALWAYS_SEARCH_USER_PATHS = NO;
				CLANG_ANALYZER_NONNULL = YES;
				CLANG_ANALYZER_NUMBER_OBJECT_CONVERSION = YES_AGGRESSIVE;
				CLANG_CXX_LANGUAGE_STANDARD = "gnu++14";
				CLANG_CXX_LIBRARY = "libc++";
				CLANG_ENABLE_MODULES = YES;
				CLANG_ENABLE_OBJC_ARC = YES;
				CLANG_ENABLE_OBJC_WEAK = YES;
				CLANG_WARN_BLOCK_CAPTURE_AUTORELEASING = YES;
				CLANG_WARN_BOOL_CONVERSION = YES;
				CLANG_WARN_COMMA = YES;
				CLANG_WARN_CONSTANT_CONVERSION = YES;
				CLANG_WARN_DEPRECATED_OBJC_IMPLEMENTATIONS = YES;
				CLANG_WARN_DIRECT_OBJC_ISA_USAGE = YES_ERROR;
				CLANG_WARN_DOCUMENTATION_COMMENTS = YES;
				CLANG_WARN_EMPTY_BODY = YES;
				CLANG_WARN_ENUM_CONVERSION = YES;
				CLANG_WARN_INFINITE_RECURSION = YES;
				CLANG_WARN_INT_CONVERSION = YES;
				CLANG_WARN_NON_LITERAL_NULL_CONVERSION = YES;
				CLANG_WARN_OBJC_IMPLICIT_RETAIN_SELF = YES;
				CLANG_WARN_OBJC_LITERAL_CONVERSION = YES;
				CLANG_WARN_OBJC_ROOT_CLASS = YES_ERROR;
				CLANG_WARN_QUOTED_INCLUDE_IN_FRAMEWORK_HEADER = YES;
				CLANG_WARN_RANGE_LOOP_ANALYSIS = YES;
				CLANG_WARN_STRICT_PROTOTYPES = YES;
				CLANG_WARN_SUSPICIOUS_MOVE = YES;
				CLANG_WARN_UNGUARDED_AVAILABILITY = YES_AGGRESSIVE;
				CLANG_WARN_UNREACHABLE_CODE = YES;
				CLANG_WARN__DUPLICATE_METHOD_MATCH = YES;
				COPY_PHASE_STRIP = NO;
				DEBUG_INFORMATION_FORMAT = "dwarf-with-dsym";
				ENABLE_NS_ASSERTIONS = NO;
				ENABLE_STRICT_OBJC_MSGSEND = YES;
				GCC_C_LANGUAGE_STANDARD = gnu11;
				GCC_NO_COMMON_BLOCKS = YES;
				GCC_WARN_64_TO_32_BIT_CONVERSION = YES;
				GCC_WARN_ABOUT_RETURN_TYPE = YES_ERROR;
				GCC_WARN_UNDECLARED_SELECTOR = YES;
				GCC_WARN_UNINITIALIZED_AUTOS = YES_AGGRESSIVE;
				GCC_WARN_UNUSED_FUNCTION = YES;
				GCC_WARN_UNUSED_VARIABLE = YES;
				IPHONEOS_DEPLOYMENT_TARGET = 14.0;
				MTL_ENABLE_DEBUG_INFO = NO;
				MTL_FAST_MATH = YES;
				SDKROOT = iphoneos;
				SWIFT_COMPILATION_MODE = wholemodule;
				SWIFT_OPTIMIZATION_LEVEL = "-O";
				VALIDATE_PRODUCT = YES;
			};
			name = Release;
		};
		27C9C4C4251A62B600A287D3 /* Debug */ = {
			isa = XCBuildConfiguration;
			buildSettings = {
				ASSETCATALOG_COMPILER_APPICON_NAME = AppIcon;
				ASSETCATALOG_COMPILER_GLOBAL_ACCENT_COLOR_NAME = AccentColor;
				CODE_SIGN_ENTITLEMENTS = Rivera/Rivera.entitlements;
				CODE_SIGN_STYLE = Automatic;
				DEVELOPMENT_ASSET_PATHS = "\"Rivera/Preview Content\"";
				DEVELOPMENT_TEAM = U2HPM8JL26;
				ENABLE_PREVIEWS = YES;
				INFOPLIST_FILE = Rivera/Info.plist;
				LD_RUNPATH_SEARCH_PATHS = (
					"$(inherited)",
					"@executable_path/Frameworks",
				);
				PRODUCT_BUNDLE_IDENTIFIER = com.kylerohr.Rivera;
				PRODUCT_NAME = "$(TARGET_NAME)";
				SUPPORTS_MACCATALYST = YES;
				SWIFT_VERSION = 5.0;
				TARGETED_DEVICE_FAMILY = "1,2";
			};
			name = Debug;
		};
		27C9C4C5251A62B600A287D3 /* Release */ = {
			isa = XCBuildConfiguration;
			buildSettings = {
				ASSETCATALOG_COMPILER_APPICON_NAME = AppIcon;
				ASSETCATALOG_COMPILER_GLOBAL_ACCENT_COLOR_NAME = AccentColor;
				CODE_SIGN_ENTITLEMENTS = Rivera/Rivera.entitlements;
				CODE_SIGN_STYLE = Automatic;
				DEVELOPMENT_ASSET_PATHS = "\"Rivera/Preview Content\"";
				DEVELOPMENT_TEAM = U2HPM8JL26;
				ENABLE_PREVIEWS = YES;
				INFOPLIST_FILE = Rivera/Info.plist;
				LD_RUNPATH_SEARCH_PATHS = (
					"$(inherited)",
					"@executable_path/Frameworks",
				);
				PRODUCT_BUNDLE_IDENTIFIER = com.kylerohr.Rivera;
				PRODUCT_NAME = "$(TARGET_NAME)";
				SUPPORTS_MACCATALYST = YES;
				SWIFT_VERSION = 5.0;
				TARGETED_DEVICE_FAMILY = "1,2";
			};
			name = Release;
		};
		27C9C4C7251A62B600A287D3 /* Debug */ = {
			isa = XCBuildConfiguration;
			buildSettings = {
				ALWAYS_EMBED_SWIFT_STANDARD_LIBRARIES = YES;
				BUNDLE_LOADER = "$(TEST_HOST)";
				CODE_SIGN_STYLE = Automatic;
				DEVELOPMENT_TEAM = U2HPM8JL26;
				INFOPLIST_FILE = RiveraTests/Info.plist;
				IPHONEOS_DEPLOYMENT_TARGET = 14.0;
				LD_RUNPATH_SEARCH_PATHS = (
					"$(inherited)",
					"@executable_path/Frameworks",
					"@loader_path/Frameworks",
				);
				PRODUCT_BUNDLE_IDENTIFIER = com.kylerohr.RiveraTests;
				PRODUCT_NAME = "$(TARGET_NAME)";
				SWIFT_VERSION = 5.0;
				TARGETED_DEVICE_FAMILY = "1,2";
				TEST_HOST = "$(BUILT_PRODUCTS_DIR)/Rivera.app/Rivera";
			};
			name = Debug;
		};
		27C9C4C8251A62B600A287D3 /* Release */ = {
			isa = XCBuildConfiguration;
			buildSettings = {
				ALWAYS_EMBED_SWIFT_STANDARD_LIBRARIES = YES;
				BUNDLE_LOADER = "$(TEST_HOST)";
				CODE_SIGN_STYLE = Automatic;
				DEVELOPMENT_TEAM = U2HPM8JL26;
				INFOPLIST_FILE = RiveraTests/Info.plist;
				IPHONEOS_DEPLOYMENT_TARGET = 14.0;
				LD_RUNPATH_SEARCH_PATHS = (
					"$(inherited)",
					"@executable_path/Frameworks",
					"@loader_path/Frameworks",
				);
				PRODUCT_BUNDLE_IDENTIFIER = com.kylerohr.RiveraTests;
				PRODUCT_NAME = "$(TARGET_NAME)";
				SWIFT_VERSION = 5.0;
				TARGETED_DEVICE_FAMILY = "1,2";
				TEST_HOST = "$(BUILT_PRODUCTS_DIR)/Rivera.app/Rivera";
			};
			name = Release;
		};
		27C9C4CA251A62B600A287D3 /* Debug */ = {
			isa = XCBuildConfiguration;
			buildSettings = {
				ALWAYS_EMBED_SWIFT_STANDARD_LIBRARIES = YES;
				CODE_SIGN_STYLE = Automatic;
				DEVELOPMENT_TEAM = U2HPM8JL26;
				INFOPLIST_FILE = RiveraUITests/Info.plist;
				LD_RUNPATH_SEARCH_PATHS = (
					"$(inherited)",
					"@executable_path/Frameworks",
					"@loader_path/Frameworks",
				);
				PRODUCT_BUNDLE_IDENTIFIER = com.kylerohr.RiveraUITests;
				PRODUCT_NAME = "$(TARGET_NAME)";
				SWIFT_VERSION = 5.0;
				TARGETED_DEVICE_FAMILY = "1,2";
				TEST_TARGET_NAME = Rivera;
			};
			name = Debug;
		};
		27C9C4CB251A62B600A287D3 /* Release */ = {
			isa = XCBuildConfiguration;
			buildSettings = {
				ALWAYS_EMBED_SWIFT_STANDARD_LIBRARIES = YES;
				CODE_SIGN_STYLE = Automatic;
				DEVELOPMENT_TEAM = U2HPM8JL26;
				INFOPLIST_FILE = RiveraUITests/Info.plist;
				LD_RUNPATH_SEARCH_PATHS = (
					"$(inherited)",
					"@executable_path/Frameworks",
					"@loader_path/Frameworks",
				);
				PRODUCT_BUNDLE_IDENTIFIER = com.kylerohr.RiveraUITests;
				PRODUCT_NAME = "$(TARGET_NAME)";
				SWIFT_VERSION = 5.0;
				TARGETED_DEVICE_FAMILY = "1,2";
				TEST_TARGET_NAME = Rivera;
			};
			name = Release;
		};
/* End XCBuildConfiguration section */

/* Begin XCConfigurationList section */
		27C9C494251A62B500A287D3 /* Build configuration list for PBXProject "Rivera" */ = {
			isa = XCConfigurationList;
			buildConfigurations = (
				27C9C4C1251A62B600A287D3 /* Debug */,
				27C9C4C2251A62B600A287D3 /* Release */,
			);
			defaultConfigurationIsVisible = 0;
			defaultConfigurationName = Release;
		};
		27C9C4C3251A62B600A287D3 /* Build configuration list for PBXNativeTarget "Rivera" */ = {
			isa = XCConfigurationList;
			buildConfigurations = (
				27C9C4C4251A62B600A287D3 /* Debug */,
				27C9C4C5251A62B600A287D3 /* Release */,
			);
			defaultConfigurationIsVisible = 0;
			defaultConfigurationName = Release;
		};
		27C9C4C6251A62B600A287D3 /* Build configuration list for PBXNativeTarget "RiveraTests" */ = {
			isa = XCConfigurationList;
			buildConfigurations = (
				27C9C4C7251A62B600A287D3 /* Debug */,
				27C9C4C8251A62B600A287D3 /* Release */,
			);
			defaultConfigurationIsVisible = 0;
			defaultConfigurationName = Release;
		};
		27C9C4C9251A62B600A287D3 /* Build configuration list for PBXNativeTarget "RiveraUITests" */ = {
			isa = XCConfigurationList;
			buildConfigurations = (
				27C9C4CA251A62B600A287D3 /* Debug */,
				27C9C4CB251A62B600A287D3 /* Release */,
			);
			defaultConfigurationIsVisible = 0;
			defaultConfigurationName = Release;
		};
/* End XCConfigurationList section */
	};
	rootObject = 27C9C491251A62B500A287D3 /* Project object */;
}
